
Microsoft Visual Studio Solution File, Format Version 12.00
Project("{FAE04EC0-301F-11D3-BF4B-00C04F79EFBC}") = "c01", "a1\w00\1\c01\c01.csproj", "{5DC94924-10C9-4A80-84B6-33DC11E39AA9}"
EndProject
Project("{FAE04EC0-301F-11D3-BF4B-00C04F79EFBC}") = "c01", "a1\w01\1\c01\c01.csproj", "{1A24F011-F9C5-484D-B8B3-C4EB49E67554}"
EndProject
Project("{FAE04EC0-301F-11D3-BF4B-00C04F79EFBC}") = "c02", "a1\w01\1\c02\c02.csproj", "{364E9585-700B-41BA-AD3C-B18BB93914F5}"
EndProject
Project("{FAE04EC0-301F-11D3-BF4B-00C04F79EFBC}") = "c03", "a1\w01\1\c03\c03.csproj", "{D926B977-0521-4A37-BF68-7B30BC407CEB}"
EndProject
Project("{FAE04EC0-301F-11D3-BF4B-00C04F79EFBC}") = "c04", "a1\w01\1\c04\c04.csproj", "{A2A3D6AE-5774-4851-A8D1-A00BEA2B4FC7}"
EndProject
Project("{FAE04EC0-301F-11D3-BF4B-00C04F79EFBC}") = "c05", "a1\w01\1\c05\c05.csproj", "{F6014362-4A50-41A8-BD7E-B972F412214E}"
EndProject
Project("{FAE04EC0-301F-11D3-BF4B-00C04F79EFBC}") = "c06", "a1\w01\1\c06\c06.csproj", "{98243332-B404-444B-A8A3-E951CA4712C3}"
EndProject
Project("{FAE04EC0-301F-11D3-BF4B-00C04F79EFBC}") = "c07", "a1\w01\1\c07\c07.csproj", "{2D64DABB-DF57-4F99-B353-C2CD19972891}"
EndProject
Project("{FAE04EC0-301F-11D3-BF4B-00C04F79EFBC}") = "c08", "a1\w01\1\c08\c08.csproj", "{035F59AE-6F38-4CBD-9306-3572DB10C79A}"
EndProject
Project("{FAE04EC0-301F-11D3-BF4B-00C04F79EFBC}") = "c09", "a1\w01\1\c09\c09.csproj", "{72051629-5992-4078-AC0E-72C07450A959}"
EndProject
Project("{FAE04EC0-301F-11D3-BF4B-00C04F79EFBC}") = "h01", "a1\w01\1\h01\h01.csproj", "{6E96B4FB-3F38-4375-823D-0282BC4A3613}"
EndProject
Project("{FAE04EC0-301F-11D3-BF4B-00C04F79EFBC}") = "h02", "a1\w01\1\h02\h02.csproj", "{C5374501-B240-433E-AE70-7A1FBCE1630A}"
EndProject
Project("{FAE04EC0-301F-11D3-BF4B-00C04F79EFBC}") = "h03", "a1\w01\1\h03\h03.csproj", "{7AAB1EF6-4D71-4AEF-BBCC-4B7440150039}"
EndProject
Project("{FAE04EC0-301F-11D3-BF4B-00C04F79EFBC}") = "h04", "a1\w01\1\h04\h04.csproj", "{F67342DC-0D5F-4477-B573-EE73A4169B5F}"
EndProject
Project("{FAE04EC0-301F-11D3-BF4B-00C04F79EFBC}") = "h05", "a1\w01\1\h05\h05.csproj", "{4171E486-9048-4F46-B5FD-2332A5423FAD}"
EndProject
Project("{FAE04EC0-301F-11D3-BF4B-00C04F79EFBC}") = "h06", "a1\w01\1\h06\h06.csproj", "{D2AEAF9E-4876-4674-8239-73D417273649}"
EndProject
Project("{FAE04EC0-301F-11D3-BF4B-00C04F79EFBC}") = "h07", "a1\w01\1\h07\h07.csproj", "{77667810-0C94-4AEC-9DAA-FECCA187A2AF}"
EndProject
Project("{FAE04EC0-301F-11D3-BF4B-00C04F79EFBC}") = "c02", "a1\w01\2\c02\c02.csproj", "{BC610DB6-C8B3-4101-96D1-7E6046149214}"
EndProject
Project("{FAE04EC0-301F-11D3-BF4B-00C04F79EFBC}") = "c03", "a1\w01\2\c03\c03.csproj", "{07ABB6D0-19A9-4C4B-A79F-31A1DE38F3CC}"
EndProject
Project("{FAE04EC0-301F-11D3-BF4B-00C04F79EFBC}") = "c04", "a1\w01\2\c04\c04.csproj", "{FB03DA9C-F002-49A9-BE5A-3FE59A8C3DA5}"
EndProject
Project("{FAE04EC0-301F-11D3-BF4B-00C04F79EFBC}") = "c05", "a1\w01\2\c05\c05.csproj", "{EB5B33B5-9CEF-4D82-990F-7B901DB2CD69}"
EndProject
Project("{FAE04EC0-301F-11D3-BF4B-00C04F79EFBC}") = "c06", "a1\w01\2\c06\c06.csproj", "{8AAF57C5-B8B0-4FD7-9165-91545345AF62}"
EndProject
Project("{2150E333-8FDC-42A3-9474-1A3956D46DE8}") = "a1", "a1", "{127A12D8-0E7B-49A3-8DD6-63B3CD502E58}"
EndProject
Project("{2150E333-8FDC-42A3-9474-1A3956D46DE8}") = "w00", "w00", "{4F59C43B-9FF1-454E-A85E-768110C65550}"
EndProject
Project("{2150E333-8FDC-42A3-9474-1A3956D46DE8}") = "1", "1", "{919913F2-30E8-48E6-8938-ABBCB22C6F88}"
EndProject
Project("{2150E333-8FDC-42A3-9474-1A3956D46DE8}") = "w01", "w01", "{C744AA52-8B8D-48A7-BBC0-991D71383B8F}"
EndProject
Project("{2150E333-8FDC-42A3-9474-1A3956D46DE8}") = "1", "1", "{93FFE662-B280-4526-8C87-AF93C215D410}"
EndProject
Project("{2150E333-8FDC-42A3-9474-1A3956D46DE8}") = "2", "2", "{2C75B6D2-0720-4F2E-8D67-33EE9C948B82}"
EndProject
Project("{FAE04EC0-301F-11D3-BF4B-00C04F79EFBC}") = "c01", "a1\w01\2\c01\c01.csproj", "{98C79B43-74C8-4245-8D5C-B60012E3599C}"
EndProject
Project("{FAE04EC0-301F-11D3-BF4B-00C04F79EFBC}") = "c07", "a1\w01\2\c07\c07.csproj", "{6219C322-16FF-40B6-A00C-FB1B44EAD52F}"
EndProject
Project("{FAE04EC0-301F-11D3-BF4B-00C04F79EFBC}") = "c08", "a1\w01\2\c08\c08.csproj", "{54531FCE-F8E4-4614-9A39-19CB9B6850B4}"
EndProject
Project("{FAE04EC0-301F-11D3-BF4B-00C04F79EFBC}") = "c09", "a1\w01\2\c09\c09.csproj", "{4D60A653-732F-4D7B-AF86-738DE7F6381E}"
EndProject
Project("{FAE04EC0-301F-11D3-BF4B-00C04F79EFBC}") = "c10", "a1\w01\2\c10\c10.csproj", "{99108A24-2B2E-4C15-B410-B96D27619CC2}"
EndProject
Project("{FAE04EC0-301F-11D3-BF4B-00C04F79EFBC}") = "h01", "a1\w01\2\h01\h01.csproj", "{FA772EA9-93AD-411E-BB47-4A53E0275766}"
EndProject
Project("{FAE04EC0-301F-11D3-BF4B-00C04F79EFBC}") = "h02", "a1\w01\2\h02\h02.csproj", "{5FDDA3E4-848D-461B-844A-BA31A7334CF3}"
EndProject
Project("{FAE04EC0-301F-11D3-BF4B-00C04F79EFBC}") = "h03", "a1\w01\2\h03\h03.csproj", "{4B2B8E15-132E-49B5-B4BF-B02323050BA8}"
EndProject
Project("{FAE04EC0-301F-11D3-BF4B-00C04F79EFBC}") = "h04", "a1\w01\2\h04\h04.csproj", "{28A94AE7-2D20-4846-8777-B8ED08BD4369}"
EndProject
Project("{2150E333-8FDC-42A3-9474-1A3956D46DE8}") = "w02", "w02", "{1C1BAC03-A86A-4EDE-BA93-FAB1A8EB7A84}"
EndProject
Project("{2150E333-8FDC-42A3-9474-1A3956D46DE8}") = "1", "1", "{24AF0D29-BAA1-48A5-8D49-7D01636CBBCB}"
EndProject
Project("{FAE04EC0-301F-11D3-BF4B-00C04F79EFBC}") = "c01", "a1\w02\1\c01\c01.csproj", "{FA6E8FC0-BD96-4171-AF3C-0365016B71B4}"
EndProject
Project("{FAE04EC0-301F-11D3-BF4B-00C04F79EFBC}") = "c02", "a1\w02\1\c02\c02.csproj", "{4A311FCE-561C-4961-AE08-8AE9174A5BC5}"
EndProject
Project("{FAE04EC0-301F-11D3-BF4B-00C04F79EFBC}") = "c04", "a1\w02\1\c04\c04.csproj", "{32DB4A96-02A9-4F56-8AFA-8CCAA95D25E7}"
EndProject
Project("{FAE04EC0-301F-11D3-BF4B-00C04F79EFBC}") = "c03", "a1\w02\1\c03\c03.csproj", "{8509514C-C63B-4D7C-86BA-41AC8B8664FB}"
EndProject
Project("{FAE04EC0-301F-11D3-BF4B-00C04F79EFBC}") = "c05", "a1\w02\1\c05\c05.csproj", "{9BDE188E-9EBC-4E88-9972-7D6641AF1A18}"
EndProject
Project("{FAE04EC0-301F-11D3-BF4B-00C04F79EFBC}") = "c06", "a1\w02\1\c06\c06.csproj", "{43511262-B9F1-40B9-AE7E-519F3B00255A}"
EndProject
Project("{FAE04EC0-301F-11D3-BF4B-00C04F79EFBC}") = "c07", "a1\w02\1\c07\c07.csproj", "{6FD71540-544A-4DC0-8A5A-AD149B220AF5}"
EndProject
Project("{FAE04EC0-301F-11D3-BF4B-00C04F79EFBC}") = "c08", "a1\w02\1\c08\c08.csproj", "{D3C3B5AA-9E1B-4F46-9AC7-409ED303A0C4}"
EndProject
Project("{FAE04EC0-301F-11D3-BF4B-00C04F79EFBC}") = "c09", "a1\w02\1\c09\c09.csproj", "{F4B551BF-29F9-4125-B087-C0AB38B7CA30}"
EndProject
Project("{FAE04EC0-301F-11D3-BF4B-00C04F79EFBC}") = "h01", "a1\w02\1\h01\h01.csproj", "{F858BEF3-840C-4C13-A0FD-E77EF4E8B40B}"
EndProject
Project("{FAE04EC0-301F-11D3-BF4B-00C04F79EFBC}") = "h02", "a1\w02\1\h02\h02.csproj", "{FC18BB7A-94DC-4B48-97CC-C00408D43F27}"
EndProject
Project("{FAE04EC0-301F-11D3-BF4B-00C04F79EFBC}") = "h03", "a1\w02\1\h03\h03.csproj", "{D3452D82-21AD-48B4-ADB5-6EA7E42836C2}"
EndProject
Project("{FAE04EC0-301F-11D3-BF4B-00C04F79EFBC}") = "h04", "a1\w02\1\h04\h04.csproj", "{E22F77D4-8BD1-4025-9E2C-1315684B36E3}"
EndProject
Project("{FAE04EC0-301F-11D3-BF4B-00C04F79EFBC}") = "h05", "a1\w02\1\h05\h05.csproj", "{6DCE5BD0-3DFB-473E-B3EB-8D47166A00DC}"
EndProject
Project("{2150E333-8FDC-42A3-9474-1A3956D46DE8}") = "w05", "w05", "{1D8916F0-66E8-4861-84CD-EDA9F2EB7D08}"
EndProject
Project("{2150E333-8FDC-42A3-9474-1A3956D46DE8}") = "2", "2", "{CD99D3FC-B3B8-4399-988B-2450D706047D}"
EndProject
Project("{FAE04EC0-301F-11D3-BF4B-00C04F79EFBC}") = "c09", "a1\w05\2\c09\c09.csproj", "{4D2E7A98-9E34-403E-95AE-BD57BED36527}"
EndProject
Project("{2150E333-8FDC-42A3-9474-1A3956D46DE8}") = "2", "2", "{3D6F65E5-6AE6-46CA-A2B4-8753D18D1D24}"
EndProject
Project("{FAE04EC0-301F-11D3-BF4B-00C04F79EFBC}") = "c01", "a1\w02\2\c01\c01.csproj", "{B7040B5E-4909-498C-B671-756F1B932420}"
EndProject
Project("{2150E333-8FDC-42A3-9474-1A3956D46DE8}") = "w03", "w03", "{F5377624-AEF8-4DD6-A48A-D17BCBC67347}"
EndProject
Project("{2150E333-8FDC-42A3-9474-1A3956D46DE8}") = "2", "2", "{FE53F9F2-02FC-4EE4-855F-111EBD86BDF3}"
EndProject
Project("{FAE04EC0-301F-11D3-BF4B-00C04F79EFBC}") = "c01", "a1\w03\2\c01\c01.csproj", "{8BE2ECE4-79E5-44F4-BB8A-6C7D2F3BEC87}"
EndProject
Project("{2150E333-8FDC-42A3-9474-1A3956D46DE8}") = "w04", "w04", "{AB1B510E-F954-4DA1-A762-918F147155B6}"
EndProject
Project("{2150E333-8FDC-42A3-9474-1A3956D46DE8}") = "1", "1", "{8AB1A3BD-9B0F-4A1D-AF14-CD5C1653EA43}"
EndProject
Project("{FAE04EC0-301F-11D3-BF4B-00C04F79EFBC}") = "c01", "a1\w04\1\c01\c01.csproj", "{7A4C787A-2654-4DDF-B7A8-E6DA56644848}"
EndProject
Project("{FAE04EC0-301F-11D3-BF4B-00C04F79EFBC}") = "c02", "a1\w04\1\c02\c02.csproj", "{E943AF68-2E6C-40ED-8E12-ECCADD4FC822}"
EndProject
Project("{FAE04EC0-301F-11D3-BF4B-00C04F79EFBC}") = "c03", "a1\w04\1\c03\c03.csproj", "{563E0B78-72F1-47A4-95F1-8544E4CC776D}"
EndProject
Project("{2150E333-8FDC-42A3-9474-1A3956D46DE8}") = "1", "1", "{4B3E2AFE-0D27-4DA8-BF78-71FDE8D4D096}"
EndProject
Project("{FAE04EC0-301F-11D3-BF4B-00C04F79EFBC}") = "c03", "a1\w03\1\c03\c03.csproj", "{72953CB8-F9B2-4136-81EC-54728A9C0B9A}"
EndProject
Project("{FAE04EC0-301F-11D3-BF4B-00C04F79EFBC}") = "c04", "a1\w04\1\c04\c04.csproj", "{71C3C96F-D4EF-451B-A724-32B49582C524}"
EndProject
Project("{FAE04EC0-301F-11D3-BF4B-00C04F79EFBC}") = "c05", "a1\w04\1\c05\c05.csproj", "{2ACDEF0E-0FEB-4DF5-BD71-897806FA9488}"
EndProject
Project("{FAE04EC0-301F-11D3-BF4B-00C04F79EFBC}") = "c06", "a1\w04\1\c06\c06.csproj", "{70C7AE1B-E5BB-4DD4-9D72-CDBDEBC186CC}"
EndProject
Global
	GlobalSection(SolutionConfigurationPlatforms) = preSolution
		Debug|Any CPU = Debug|Any CPU
		Release|Any CPU = Release|Any CPU
	EndGlobalSection
	GlobalSection(ProjectConfigurationPlatforms) = postSolution
		{5DC94924-10C9-4A80-84B6-33DC11E39AA9}.Debug|Any CPU.ActiveCfg = Debug|Any CPU
		{5DC94924-10C9-4A80-84B6-33DC11E39AA9}.Debug|Any CPU.Build.0 = Debug|Any CPU
		{5DC94924-10C9-4A80-84B6-33DC11E39AA9}.Release|Any CPU.ActiveCfg = Release|Any CPU
		{5DC94924-10C9-4A80-84B6-33DC11E39AA9}.Release|Any CPU.Build.0 = Release|Any CPU
		{1A24F011-F9C5-484D-B8B3-C4EB49E67554}.Debug|Any CPU.ActiveCfg = Debug|Any CPU
		{1A24F011-F9C5-484D-B8B3-C4EB49E67554}.Debug|Any CPU.Build.0 = Debug|Any CPU
		{1A24F011-F9C5-484D-B8B3-C4EB49E67554}.Release|Any CPU.ActiveCfg = Release|Any CPU
		{1A24F011-F9C5-484D-B8B3-C4EB49E67554}.Release|Any CPU.Build.0 = Release|Any CPU
		{364E9585-700B-41BA-AD3C-B18BB93914F5}.Debug|Any CPU.ActiveCfg = Debug|Any CPU
		{364E9585-700B-41BA-AD3C-B18BB93914F5}.Debug|Any CPU.Build.0 = Debug|Any CPU
		{364E9585-700B-41BA-AD3C-B18BB93914F5}.Release|Any CPU.ActiveCfg = Release|Any CPU
		{364E9585-700B-41BA-AD3C-B18BB93914F5}.Release|Any CPU.Build.0 = Release|Any CPU
		{D926B977-0521-4A37-BF68-7B30BC407CEB}.Debug|Any CPU.ActiveCfg = Debug|Any CPU
		{D926B977-0521-4A37-BF68-7B30BC407CEB}.Debug|Any CPU.Build.0 = Debug|Any CPU
		{D926B977-0521-4A37-BF68-7B30BC407CEB}.Release|Any CPU.ActiveCfg = Release|Any CPU
		{D926B977-0521-4A37-BF68-7B30BC407CEB}.Release|Any CPU.Build.0 = Release|Any CPU
		{A2A3D6AE-5774-4851-A8D1-A00BEA2B4FC7}.Debug|Any CPU.ActiveCfg = Debug|Any CPU
		{A2A3D6AE-5774-4851-A8D1-A00BEA2B4FC7}.Debug|Any CPU.Build.0 = Debug|Any CPU
		{A2A3D6AE-5774-4851-A8D1-A00BEA2B4FC7}.Release|Any CPU.ActiveCfg = Release|Any CPU
		{A2A3D6AE-5774-4851-A8D1-A00BEA2B4FC7}.Release|Any CPU.Build.0 = Release|Any CPU
		{F6014362-4A50-41A8-BD7E-B972F412214E}.Debug|Any CPU.ActiveCfg = Debug|Any CPU
		{F6014362-4A50-41A8-BD7E-B972F412214E}.Debug|Any CPU.Build.0 = Debug|Any CPU
		{F6014362-4A50-41A8-BD7E-B972F412214E}.Release|Any CPU.ActiveCfg = Release|Any CPU
		{F6014362-4A50-41A8-BD7E-B972F412214E}.Release|Any CPU.Build.0 = Release|Any CPU
		{98243332-B404-444B-A8A3-E951CA4712C3}.Debug|Any CPU.ActiveCfg = Debug|Any CPU
		{98243332-B404-444B-A8A3-E951CA4712C3}.Debug|Any CPU.Build.0 = Debug|Any CPU
		{98243332-B404-444B-A8A3-E951CA4712C3}.Release|Any CPU.ActiveCfg = Release|Any CPU
		{98243332-B404-444B-A8A3-E951CA4712C3}.Release|Any CPU.Build.0 = Release|Any CPU
		{2D64DABB-DF57-4F99-B353-C2CD19972891}.Debug|Any CPU.ActiveCfg = Debug|Any CPU
		{2D64DABB-DF57-4F99-B353-C2CD19972891}.Debug|Any CPU.Build.0 = Debug|Any CPU
		{2D64DABB-DF57-4F99-B353-C2CD19972891}.Release|Any CPU.ActiveCfg = Release|Any CPU
		{2D64DABB-DF57-4F99-B353-C2CD19972891}.Release|Any CPU.Build.0 = Release|Any CPU
		{035F59AE-6F38-4CBD-9306-3572DB10C79A}.Debug|Any CPU.ActiveCfg = Debug|Any CPU
		{035F59AE-6F38-4CBD-9306-3572DB10C79A}.Debug|Any CPU.Build.0 = Debug|Any CPU
		{035F59AE-6F38-4CBD-9306-3572DB10C79A}.Release|Any CPU.ActiveCfg = Release|Any CPU
		{035F59AE-6F38-4CBD-9306-3572DB10C79A}.Release|Any CPU.Build.0 = Release|Any CPU
		{72051629-5992-4078-AC0E-72C07450A959}.Debug|Any CPU.ActiveCfg = Debug|Any CPU
		{72051629-5992-4078-AC0E-72C07450A959}.Debug|Any CPU.Build.0 = Debug|Any CPU
		{72051629-5992-4078-AC0E-72C07450A959}.Release|Any CPU.ActiveCfg = Release|Any CPU
		{72051629-5992-4078-AC0E-72C07450A959}.Release|Any CPU.Build.0 = Release|Any CPU
		{6E96B4FB-3F38-4375-823D-0282BC4A3613}.Debug|Any CPU.ActiveCfg = Debug|Any CPU
		{6E96B4FB-3F38-4375-823D-0282BC4A3613}.Debug|Any CPU.Build.0 = Debug|Any CPU
		{6E96B4FB-3F38-4375-823D-0282BC4A3613}.Release|Any CPU.ActiveCfg = Release|Any CPU
		{6E96B4FB-3F38-4375-823D-0282BC4A3613}.Release|Any CPU.Build.0 = Release|Any CPU
		{C5374501-B240-433E-AE70-7A1FBCE1630A}.Debug|Any CPU.ActiveCfg = Debug|Any CPU
		{C5374501-B240-433E-AE70-7A1FBCE1630A}.Debug|Any CPU.Build.0 = Debug|Any CPU
		{C5374501-B240-433E-AE70-7A1FBCE1630A}.Release|Any CPU.ActiveCfg = Release|Any CPU
		{C5374501-B240-433E-AE70-7A1FBCE1630A}.Release|Any CPU.Build.0 = Release|Any CPU
		{7AAB1EF6-4D71-4AEF-BBCC-4B7440150039}.Debug|Any CPU.ActiveCfg = Debug|Any CPU
		{7AAB1EF6-4D71-4AEF-BBCC-4B7440150039}.Debug|Any CPU.Build.0 = Debug|Any CPU
		{7AAB1EF6-4D71-4AEF-BBCC-4B7440150039}.Release|Any CPU.ActiveCfg = Release|Any CPU
		{7AAB1EF6-4D71-4AEF-BBCC-4B7440150039}.Release|Any CPU.Build.0 = Release|Any CPU
		{F67342DC-0D5F-4477-B573-EE73A4169B5F}.Debug|Any CPU.ActiveCfg = Debug|Any CPU
		{F67342DC-0D5F-4477-B573-EE73A4169B5F}.Debug|Any CPU.Build.0 = Debug|Any CPU
		{F67342DC-0D5F-4477-B573-EE73A4169B5F}.Release|Any CPU.ActiveCfg = Release|Any CPU
		{F67342DC-0D5F-4477-B573-EE73A4169B5F}.Release|Any CPU.Build.0 = Release|Any CPU
		{4171E486-9048-4F46-B5FD-2332A5423FAD}.Debug|Any CPU.ActiveCfg = Debug|Any CPU
		{4171E486-9048-4F46-B5FD-2332A5423FAD}.Debug|Any CPU.Build.0 = Debug|Any CPU
		{4171E486-9048-4F46-B5FD-2332A5423FAD}.Release|Any CPU.ActiveCfg = Release|Any CPU
		{4171E486-9048-4F46-B5FD-2332A5423FAD}.Release|Any CPU.Build.0 = Release|Any CPU
		{D2AEAF9E-4876-4674-8239-73D417273649}.Debug|Any CPU.ActiveCfg = Debug|Any CPU
		{D2AEAF9E-4876-4674-8239-73D417273649}.Debug|Any CPU.Build.0 = Debug|Any CPU
		{D2AEAF9E-4876-4674-8239-73D417273649}.Release|Any CPU.ActiveCfg = Release|Any CPU
		{D2AEAF9E-4876-4674-8239-73D417273649}.Release|Any CPU.Build.0 = Release|Any CPU
		{77667810-0C94-4AEC-9DAA-FECCA187A2AF}.Debug|Any CPU.ActiveCfg = Debug|Any CPU
		{77667810-0C94-4AEC-9DAA-FECCA187A2AF}.Debug|Any CPU.Build.0 = Debug|Any CPU
		{77667810-0C94-4AEC-9DAA-FECCA187A2AF}.Release|Any CPU.ActiveCfg = Release|Any CPU
		{77667810-0C94-4AEC-9DAA-FECCA187A2AF}.Release|Any CPU.Build.0 = Release|Any CPU
		{BC610DB6-C8B3-4101-96D1-7E6046149214}.Debug|Any CPU.ActiveCfg = Debug|Any CPU
		{BC610DB6-C8B3-4101-96D1-7E6046149214}.Debug|Any CPU.Build.0 = Debug|Any CPU
		{BC610DB6-C8B3-4101-96D1-7E6046149214}.Release|Any CPU.ActiveCfg = Release|Any CPU
		{BC610DB6-C8B3-4101-96D1-7E6046149214}.Release|Any CPU.Build.0 = Release|Any CPU
		{07ABB6D0-19A9-4C4B-A79F-31A1DE38F3CC}.Debug|Any CPU.ActiveCfg = Debug|Any CPU
		{07ABB6D0-19A9-4C4B-A79F-31A1DE38F3CC}.Debug|Any CPU.Build.0 = Debug|Any CPU
		{07ABB6D0-19A9-4C4B-A79F-31A1DE38F3CC}.Release|Any CPU.ActiveCfg = Release|Any CPU
		{07ABB6D0-19A9-4C4B-A79F-31A1DE38F3CC}.Release|Any CPU.Build.0 = Release|Any CPU
		{FB03DA9C-F002-49A9-BE5A-3FE59A8C3DA5}.Debug|Any CPU.ActiveCfg = Debug|Any CPU
		{FB03DA9C-F002-49A9-BE5A-3FE59A8C3DA5}.Debug|Any CPU.Build.0 = Debug|Any CPU
		{FB03DA9C-F002-49A9-BE5A-3FE59A8C3DA5}.Release|Any CPU.ActiveCfg = Release|Any CPU
		{FB03DA9C-F002-49A9-BE5A-3FE59A8C3DA5}.Release|Any CPU.Build.0 = Release|Any CPU
		{EB5B33B5-9CEF-4D82-990F-7B901DB2CD69}.Debug|Any CPU.ActiveCfg = Debug|Any CPU
		{EB5B33B5-9CEF-4D82-990F-7B901DB2CD69}.Debug|Any CPU.Build.0 = Debug|Any CPU
		{EB5B33B5-9CEF-4D82-990F-7B901DB2CD69}.Release|Any CPU.ActiveCfg = Release|Any CPU
		{EB5B33B5-9CEF-4D82-990F-7B901DB2CD69}.Release|Any CPU.Build.0 = Release|Any CPU
		{8AAF57C5-B8B0-4FD7-9165-91545345AF62}.Debug|Any CPU.ActiveCfg = Debug|Any CPU
		{8AAF57C5-B8B0-4FD7-9165-91545345AF62}.Debug|Any CPU.Build.0 = Debug|Any CPU
		{8AAF57C5-B8B0-4FD7-9165-91545345AF62}.Release|Any CPU.ActiveCfg = Release|Any CPU
		{8AAF57C5-B8B0-4FD7-9165-91545345AF62}.Release|Any CPU.Build.0 = Release|Any CPU
		{98C79B43-74C8-4245-8D5C-B60012E3599C}.Debug|Any CPU.ActiveCfg = Debug|Any CPU
		{98C79B43-74C8-4245-8D5C-B60012E3599C}.Debug|Any CPU.Build.0 = Debug|Any CPU
		{98C79B43-74C8-4245-8D5C-B60012E3599C}.Release|Any CPU.ActiveCfg = Release|Any CPU
		{98C79B43-74C8-4245-8D5C-B60012E3599C}.Release|Any CPU.Build.0 = Release|Any CPU
		{6219C322-16FF-40B6-A00C-FB1B44EAD52F}.Debug|Any CPU.ActiveCfg = Debug|Any CPU
		{6219C322-16FF-40B6-A00C-FB1B44EAD52F}.Debug|Any CPU.Build.0 = Debug|Any CPU
		{6219C322-16FF-40B6-A00C-FB1B44EAD52F}.Release|Any CPU.ActiveCfg = Release|Any CPU
		{6219C322-16FF-40B6-A00C-FB1B44EAD52F}.Release|Any CPU.Build.0 = Release|Any CPU
		{54531FCE-F8E4-4614-9A39-19CB9B6850B4}.Debug|Any CPU.ActiveCfg = Debug|Any CPU
		{54531FCE-F8E4-4614-9A39-19CB9B6850B4}.Debug|Any CPU.Build.0 = Debug|Any CPU
		{54531FCE-F8E4-4614-9A39-19CB9B6850B4}.Release|Any CPU.ActiveCfg = Release|Any CPU
		{54531FCE-F8E4-4614-9A39-19CB9B6850B4}.Release|Any CPU.Build.0 = Release|Any CPU
		{4D60A653-732F-4D7B-AF86-738DE7F6381E}.Debug|Any CPU.ActiveCfg = Debug|Any CPU
		{4D60A653-732F-4D7B-AF86-738DE7F6381E}.Debug|Any CPU.Build.0 = Debug|Any CPU
		{4D60A653-732F-4D7B-AF86-738DE7F6381E}.Release|Any CPU.ActiveCfg = Release|Any CPU
		{4D60A653-732F-4D7B-AF86-738DE7F6381E}.Release|Any CPU.Build.0 = Release|Any CPU
		{99108A24-2B2E-4C15-B410-B96D27619CC2}.Debug|Any CPU.ActiveCfg = Debug|Any CPU
		{99108A24-2B2E-4C15-B410-B96D27619CC2}.Debug|Any CPU.Build.0 = Debug|Any CPU
		{99108A24-2B2E-4C15-B410-B96D27619CC2}.Release|Any CPU.ActiveCfg = Release|Any CPU
		{99108A24-2B2E-4C15-B410-B96D27619CC2}.Release|Any CPU.Build.0 = Release|Any CPU
		{FA772EA9-93AD-411E-BB47-4A53E0275766}.Debug|Any CPU.ActiveCfg = Debug|Any CPU
		{FA772EA9-93AD-411E-BB47-4A53E0275766}.Debug|Any CPU.Build.0 = Debug|Any CPU
		{FA772EA9-93AD-411E-BB47-4A53E0275766}.Release|Any CPU.ActiveCfg = Release|Any CPU
		{FA772EA9-93AD-411E-BB47-4A53E0275766}.Release|Any CPU.Build.0 = Release|Any CPU
		{5FDDA3E4-848D-461B-844A-BA31A7334CF3}.Debug|Any CPU.ActiveCfg = Debug|Any CPU
		{5FDDA3E4-848D-461B-844A-BA31A7334CF3}.Debug|Any CPU.Build.0 = Debug|Any CPU
		{5FDDA3E4-848D-461B-844A-BA31A7334CF3}.Release|Any CPU.ActiveCfg = Release|Any CPU
		{5FDDA3E4-848D-461B-844A-BA31A7334CF3}.Release|Any CPU.Build.0 = Release|Any CPU
		{4B2B8E15-132E-49B5-B4BF-B02323050BA8}.Debug|Any CPU.ActiveCfg = Debug|Any CPU
		{4B2B8E15-132E-49B5-B4BF-B02323050BA8}.Debug|Any CPU.Build.0 = Debug|Any CPU
		{4B2B8E15-132E-49B5-B4BF-B02323050BA8}.Release|Any CPU.ActiveCfg = Release|Any CPU
		{4B2B8E15-132E-49B5-B4BF-B02323050BA8}.Release|Any CPU.Build.0 = Release|Any CPU
		{28A94AE7-2D20-4846-8777-B8ED08BD4369}.Debug|Any CPU.ActiveCfg = Debug|Any CPU
		{28A94AE7-2D20-4846-8777-B8ED08BD4369}.Debug|Any CPU.Build.0 = Debug|Any CPU
		{28A94AE7-2D20-4846-8777-B8ED08BD4369}.Release|Any CPU.ActiveCfg = Release|Any CPU
		{28A94AE7-2D20-4846-8777-B8ED08BD4369}.Release|Any CPU.Build.0 = Release|Any CPU
		{FA6E8FC0-BD96-4171-AF3C-0365016B71B4}.Debug|Any CPU.ActiveCfg = Debug|Any CPU
		{FA6E8FC0-BD96-4171-AF3C-0365016B71B4}.Debug|Any CPU.Build.0 = Debug|Any CPU
		{FA6E8FC0-BD96-4171-AF3C-0365016B71B4}.Release|Any CPU.ActiveCfg = Release|Any CPU
		{FA6E8FC0-BD96-4171-AF3C-0365016B71B4}.Release|Any CPU.Build.0 = Release|Any CPU
		{4A311FCE-561C-4961-AE08-8AE9174A5BC5}.Debug|Any CPU.ActiveCfg = Debug|Any CPU
		{4A311FCE-561C-4961-AE08-8AE9174A5BC5}.Debug|Any CPU.Build.0 = Debug|Any CPU
		{4A311FCE-561C-4961-AE08-8AE9174A5BC5}.Release|Any CPU.ActiveCfg = Release|Any CPU
		{4A311FCE-561C-4961-AE08-8AE9174A5BC5}.Release|Any CPU.Build.0 = Release|Any CPU
		{32DB4A96-02A9-4F56-8AFA-8CCAA95D25E7}.Debug|Any CPU.ActiveCfg = Debug|Any CPU
		{32DB4A96-02A9-4F56-8AFA-8CCAA95D25E7}.Debug|Any CPU.Build.0 = Debug|Any CPU
		{32DB4A96-02A9-4F56-8AFA-8CCAA95D25E7}.Release|Any CPU.ActiveCfg = Release|Any CPU
		{32DB4A96-02A9-4F56-8AFA-8CCAA95D25E7}.Release|Any CPU.Build.0 = Release|Any CPU
		{8509514C-C63B-4D7C-86BA-41AC8B8664FB}.Debug|Any CPU.ActiveCfg = Debug|Any CPU
		{8509514C-C63B-4D7C-86BA-41AC8B8664FB}.Debug|Any CPU.Build.0 = Debug|Any CPU
		{8509514C-C63B-4D7C-86BA-41AC8B8664FB}.Release|Any CPU.ActiveCfg = Release|Any CPU
		{8509514C-C63B-4D7C-86BA-41AC8B8664FB}.Release|Any CPU.Build.0 = Release|Any CPU
		{9BDE188E-9EBC-4E88-9972-7D6641AF1A18}.Debug|Any CPU.ActiveCfg = Debug|Any CPU
		{9BDE188E-9EBC-4E88-9972-7D6641AF1A18}.Debug|Any CPU.Build.0 = Debug|Any CPU
		{9BDE188E-9EBC-4E88-9972-7D6641AF1A18}.Release|Any CPU.ActiveCfg = Release|Any CPU
		{9BDE188E-9EBC-4E88-9972-7D6641AF1A18}.Release|Any CPU.Build.0 = Release|Any CPU
		{43511262-B9F1-40B9-AE7E-519F3B00255A}.Debug|Any CPU.ActiveCfg = Debug|Any CPU
		{43511262-B9F1-40B9-AE7E-519F3B00255A}.Debug|Any CPU.Build.0 = Debug|Any CPU
		{43511262-B9F1-40B9-AE7E-519F3B00255A}.Release|Any CPU.ActiveCfg = Release|Any CPU
		{43511262-B9F1-40B9-AE7E-519F3B00255A}.Release|Any CPU.Build.0 = Release|Any CPU
		{6FD71540-544A-4DC0-8A5A-AD149B220AF5}.Debug|Any CPU.ActiveCfg = Debug|Any CPU
		{6FD71540-544A-4DC0-8A5A-AD149B220AF5}.Debug|Any CPU.Build.0 = Debug|Any CPU
		{6FD71540-544A-4DC0-8A5A-AD149B220AF5}.Release|Any CPU.ActiveCfg = Release|Any CPU
		{6FD71540-544A-4DC0-8A5A-AD149B220AF5}.Release|Any CPU.Build.0 = Release|Any CPU
		{D3C3B5AA-9E1B-4F46-9AC7-409ED303A0C4}.Debug|Any CPU.ActiveCfg = Debug|Any CPU
		{D3C3B5AA-9E1B-4F46-9AC7-409ED303A0C4}.Debug|Any CPU.Build.0 = Debug|Any CPU
		{D3C3B5AA-9E1B-4F46-9AC7-409ED303A0C4}.Release|Any CPU.ActiveCfg = Release|Any CPU
		{D3C3B5AA-9E1B-4F46-9AC7-409ED303A0C4}.Release|Any CPU.Build.0 = Release|Any CPU
		{F4B551BF-29F9-4125-B087-C0AB38B7CA30}.Debug|Any CPU.ActiveCfg = Debug|Any CPU
		{F4B551BF-29F9-4125-B087-C0AB38B7CA30}.Debug|Any CPU.Build.0 = Debug|Any CPU
		{F4B551BF-29F9-4125-B087-C0AB38B7CA30}.Release|Any CPU.ActiveCfg = Release|Any CPU
		{F4B551BF-29F9-4125-B087-C0AB38B7CA30}.Release|Any CPU.Build.0 = Release|Any CPU
		{F858BEF3-840C-4C13-A0FD-E77EF4E8B40B}.Debug|Any CPU.ActiveCfg = Debug|Any CPU
		{F858BEF3-840C-4C13-A0FD-E77EF4E8B40B}.Debug|Any CPU.Build.0 = Debug|Any CPU
		{F858BEF3-840C-4C13-A0FD-E77EF4E8B40B}.Release|Any CPU.ActiveCfg = Release|Any CPU
		{F858BEF3-840C-4C13-A0FD-E77EF4E8B40B}.Release|Any CPU.Build.0 = Release|Any CPU
		{FC18BB7A-94DC-4B48-97CC-C00408D43F27}.Debug|Any CPU.ActiveCfg = Debug|Any CPU
		{FC18BB7A-94DC-4B48-97CC-C00408D43F27}.Debug|Any CPU.Build.0 = Debug|Any CPU
		{FC18BB7A-94DC-4B48-97CC-C00408D43F27}.Release|Any CPU.ActiveCfg = Release|Any CPU
		{FC18BB7A-94DC-4B48-97CC-C00408D43F27}.Release|Any CPU.Build.0 = Release|Any CPU
		{D3452D82-21AD-48B4-ADB5-6EA7E42836C2}.Debug|Any CPU.ActiveCfg = Debug|Any CPU
		{D3452D82-21AD-48B4-ADB5-6EA7E42836C2}.Debug|Any CPU.Build.0 = Debug|Any CPU
		{D3452D82-21AD-48B4-ADB5-6EA7E42836C2}.Release|Any CPU.ActiveCfg = Release|Any CPU
		{D3452D82-21AD-48B4-ADB5-6EA7E42836C2}.Release|Any CPU.Build.0 = Release|Any CPU
		{E22F77D4-8BD1-4025-9E2C-1315684B36E3}.Debug|Any CPU.ActiveCfg = Debug|Any CPU
		{E22F77D4-8BD1-4025-9E2C-1315684B36E3}.Debug|Any CPU.Build.0 = Debug|Any CPU
		{E22F77D4-8BD1-4025-9E2C-1315684B36E3}.Release|Any CPU.ActiveCfg = Release|Any CPU
		{E22F77D4-8BD1-4025-9E2C-1315684B36E3}.Release|Any CPU.Build.0 = Release|Any CPU
		{6DCE5BD0-3DFB-473E-B3EB-8D47166A00DC}.Debug|Any CPU.ActiveCfg = Debug|Any CPU
		{6DCE5BD0-3DFB-473E-B3EB-8D47166A00DC}.Debug|Any CPU.Build.0 = Debug|Any CPU
		{6DCE5BD0-3DFB-473E-B3EB-8D47166A00DC}.Release|Any CPU.ActiveCfg = Release|Any CPU
		{6DCE5BD0-3DFB-473E-B3EB-8D47166A00DC}.Release|Any CPU.Build.0 = Release|Any CPU
		{4D2E7A98-9E34-403E-95AE-BD57BED36527}.Debug|Any CPU.ActiveCfg = Debug|Any CPU
		{4D2E7A98-9E34-403E-95AE-BD57BED36527}.Debug|Any CPU.Build.0 = Debug|Any CPU
		{4D2E7A98-9E34-403E-95AE-BD57BED36527}.Release|Any CPU.ActiveCfg = Release|Any CPU
		{4D2E7A98-9E34-403E-95AE-BD57BED36527}.Release|Any CPU.Build.0 = Release|Any CPU
		{B7040B5E-4909-498C-B671-756F1B932420}.Debug|Any CPU.ActiveCfg = Debug|Any CPU
		{B7040B5E-4909-498C-B671-756F1B932420}.Debug|Any CPU.Build.0 = Debug|Any CPU
		{B7040B5E-4909-498C-B671-756F1B932420}.Release|Any CPU.ActiveCfg = Release|Any CPU
		{B7040B5E-4909-498C-B671-756F1B932420}.Release|Any CPU.Build.0 = Release|Any CPU
		{8BE2ECE4-79E5-44F4-BB8A-6C7D2F3BEC87}.Debug|Any CPU.ActiveCfg = Debug|Any CPU
		{8BE2ECE4-79E5-44F4-BB8A-6C7D2F3BEC87}.Debug|Any CPU.Build.0 = Debug|Any CPU
		{8BE2ECE4-79E5-44F4-BB8A-6C7D2F3BEC87}.Release|Any CPU.ActiveCfg = Release|Any CPU
		{8BE2ECE4-79E5-44F4-BB8A-6C7D2F3BEC87}.Release|Any CPU.Build.0 = Release|Any CPU
		{7A4C787A-2654-4DDF-B7A8-E6DA56644848}.Debug|Any CPU.ActiveCfg = Debug|Any CPU
		{7A4C787A-2654-4DDF-B7A8-E6DA56644848}.Debug|Any CPU.Build.0 = Debug|Any CPU
		{7A4C787A-2654-4DDF-B7A8-E6DA56644848}.Release|Any CPU.ActiveCfg = Release|Any CPU
		{7A4C787A-2654-4DDF-B7A8-E6DA56644848}.Release|Any CPU.Build.0 = Release|Any CPU
		{E943AF68-2E6C-40ED-8E12-ECCADD4FC822}.Debug|Any CPU.ActiveCfg = Debug|Any CPU
		{E943AF68-2E6C-40ED-8E12-ECCADD4FC822}.Debug|Any CPU.Build.0 = Debug|Any CPU
		{E943AF68-2E6C-40ED-8E12-ECCADD4FC822}.Release|Any CPU.ActiveCfg = Release|Any CPU
		{E943AF68-2E6C-40ED-8E12-ECCADD4FC822}.Release|Any CPU.Build.0 = Release|Any CPU
		{563E0B78-72F1-47A4-95F1-8544E4CC776D}.Debug|Any CPU.ActiveCfg = Debug|Any CPU
		{563E0B78-72F1-47A4-95F1-8544E4CC776D}.Debug|Any CPU.Build.0 = Debug|Any CPU
		{563E0B78-72F1-47A4-95F1-8544E4CC776D}.Release|Any CPU.ActiveCfg = Release|Any CPU
		{563E0B78-72F1-47A4-95F1-8544E4CC776D}.Release|Any CPU.Build.0 = Release|Any CPU
		{72953CB8-F9B2-4136-81EC-54728A9C0B9A}.Debug|Any CPU.ActiveCfg = Debug|Any CPU
		{72953CB8-F9B2-4136-81EC-54728A9C0B9A}.Debug|Any CPU.Build.0 = Debug|Any CPU
		{72953CB8-F9B2-4136-81EC-54728A9C0B9A}.Release|Any CPU.ActiveCfg = Release|Any CPU
		{72953CB8-F9B2-4136-81EC-54728A9C0B9A}.Release|Any CPU.Build.0 = Release|Any CPU
		{71C3C96F-D4EF-451B-A724-32B49582C524}.Debug|Any CPU.ActiveCfg = Debug|Any CPU
		{71C3C96F-D4EF-451B-A724-32B49582C524}.Debug|Any CPU.Build.0 = Debug|Any CPU
		{71C3C96F-D4EF-451B-A724-32B49582C524}.Release|Any CPU.ActiveCfg = Release|Any CPU
		{71C3C96F-D4EF-451B-A724-32B49582C524}.Release|Any CPU.Build.0 = Release|Any CPU
		{2ACDEF0E-0FEB-4DF5-BD71-897806FA9488}.Debug|Any CPU.ActiveCfg = Debug|Any CPU
		{2ACDEF0E-0FEB-4DF5-BD71-897806FA9488}.Debug|Any CPU.Build.0 = Debug|Any CPU
		{2ACDEF0E-0FEB-4DF5-BD71-897806FA9488}.Release|Any CPU.ActiveCfg = Release|Any CPU
		{2ACDEF0E-0FEB-4DF5-BD71-897806FA9488}.Release|Any CPU.Build.0 = Release|Any CPU
		{70C7AE1B-E5BB-4DD4-9D72-CDBDEBC186CC}.Debug|Any CPU.ActiveCfg = Debug|Any CPU
		{70C7AE1B-E5BB-4DD4-9D72-CDBDEBC186CC}.Debug|Any CPU.Build.0 = Debug|Any CPU
		{70C7AE1B-E5BB-4DD4-9D72-CDBDEBC186CC}.Release|Any CPU.ActiveCfg = Release|Any CPU
		{70C7AE1B-E5BB-4DD4-9D72-CDBDEBC186CC}.Release|Any CPU.Build.0 = Release|Any CPU
	EndGlobalSection
	GlobalSection(NestedProjects) = preSolution
		{4F59C43B-9FF1-454E-A85E-768110C65550} = {127A12D8-0E7B-49A3-8DD6-63B3CD502E58}
		{919913F2-30E8-48E6-8938-ABBCB22C6F88} = {4F59C43B-9FF1-454E-A85E-768110C65550}
		{5DC94924-10C9-4A80-84B6-33DC11E39AA9} = {919913F2-30E8-48E6-8938-ABBCB22C6F88}
		{C744AA52-8B8D-48A7-BBC0-991D71383B8F} = {127A12D8-0E7B-49A3-8DD6-63B3CD502E58}
		{93FFE662-B280-4526-8C87-AF93C215D410} = {C744AA52-8B8D-48A7-BBC0-991D71383B8F}
		{1A24F011-F9C5-484D-B8B3-C4EB49E67554} = {93FFE662-B280-4526-8C87-AF93C215D410}
		{364E9585-700B-41BA-AD3C-B18BB93914F5} = {93FFE662-B280-4526-8C87-AF93C215D410}
		{2C75B6D2-0720-4F2E-8D67-33EE9C948B82} = {C744AA52-8B8D-48A7-BBC0-991D71383B8F}
		{98C79B43-74C8-4245-8D5C-B60012E3599C} = {2C75B6D2-0720-4F2E-8D67-33EE9C948B82}
		{BC610DB6-C8B3-4101-96D1-7E6046149214} = {2C75B6D2-0720-4F2E-8D67-33EE9C948B82}
		{6E96B4FB-3F38-4375-823D-0282BC4A3613} = {93FFE662-B280-4526-8C87-AF93C215D410}
		{C5374501-B240-433E-AE70-7A1FBCE1630A} = {93FFE662-B280-4526-8C87-AF93C215D410}
		{7AAB1EF6-4D71-4AEF-BBCC-4B7440150039} = {93FFE662-B280-4526-8C87-AF93C215D410}
		{F67342DC-0D5F-4477-B573-EE73A4169B5F} = {93FFE662-B280-4526-8C87-AF93C215D410}
		{4171E486-9048-4F46-B5FD-2332A5423FAD} = {93FFE662-B280-4526-8C87-AF93C215D410}
		{D2AEAF9E-4876-4674-8239-73D417273649} = {93FFE662-B280-4526-8C87-AF93C215D410}
		{77667810-0C94-4AEC-9DAA-FECCA187A2AF} = {93FFE662-B280-4526-8C87-AF93C215D410}
		{2D64DABB-DF57-4F99-B353-C2CD19972891} = {93FFE662-B280-4526-8C87-AF93C215D410}
		{035F59AE-6F38-4CBD-9306-3572DB10C79A} = {93FFE662-B280-4526-8C87-AF93C215D410}
		{72051629-5992-4078-AC0E-72C07450A959} = {93FFE662-B280-4526-8C87-AF93C215D410}
		{07ABB6D0-19A9-4C4B-A79F-31A1DE38F3CC} = {2C75B6D2-0720-4F2E-8D67-33EE9C948B82}
		{D926B977-0521-4A37-BF68-7B30BC407CEB} = {93FFE662-B280-4526-8C87-AF93C215D410}
		{FB03DA9C-F002-49A9-BE5A-3FE59A8C3DA5} = {2C75B6D2-0720-4F2E-8D67-33EE9C948B82}
		{A2A3D6AE-5774-4851-A8D1-A00BEA2B4FC7} = {93FFE662-B280-4526-8C87-AF93C215D410}
		{F6014362-4A50-41A8-BD7E-B972F412214E} = {93FFE662-B280-4526-8C87-AF93C215D410}
		{EB5B33B5-9CEF-4D82-990F-7B901DB2CD69} = {2C75B6D2-0720-4F2E-8D67-33EE9C948B82}
		{98243332-B404-444B-A8A3-E951CA4712C3} = {93FFE662-B280-4526-8C87-AF93C215D410}
		{8AAF57C5-B8B0-4FD7-9165-91545345AF62} = {2C75B6D2-0720-4F2E-8D67-33EE9C948B82}
		{6219C322-16FF-40B6-A00C-FB1B44EAD52F} = {2C75B6D2-0720-4F2E-8D67-33EE9C948B82}
		{54531FCE-F8E4-4614-9A39-19CB9B6850B4} = {2C75B6D2-0720-4F2E-8D67-33EE9C948B82}
		{4D60A653-732F-4D7B-AF86-738DE7F6381E} = {2C75B6D2-0720-4F2E-8D67-33EE9C948B82}
		{99108A24-2B2E-4C15-B410-B96D27619CC2} = {2C75B6D2-0720-4F2E-8D67-33EE9C948B82}
		{FA772EA9-93AD-411E-BB47-4A53E0275766} = {2C75B6D2-0720-4F2E-8D67-33EE9C948B82}
		{5FDDA3E4-848D-461B-844A-BA31A7334CF3} = {2C75B6D2-0720-4F2E-8D67-33EE9C948B82}
		{4B2B8E15-132E-49B5-B4BF-B02323050BA8} = {2C75B6D2-0720-4F2E-8D67-33EE9C948B82}
		{28A94AE7-2D20-4846-8777-B8ED08BD4369} = {2C75B6D2-0720-4F2E-8D67-33EE9C948B82}
		{1C1BAC03-A86A-4EDE-BA93-FAB1A8EB7A84} = {127A12D8-0E7B-49A3-8DD6-63B3CD502E58}
		{24AF0D29-BAA1-48A5-8D49-7D01636CBBCB} = {1C1BAC03-A86A-4EDE-BA93-FAB1A8EB7A84}
		{FA6E8FC0-BD96-4171-AF3C-0365016B71B4} = {24AF0D29-BAA1-48A5-8D49-7D01636CBBCB}
		{4A311FCE-561C-4961-AE08-8AE9174A5BC5} = {24AF0D29-BAA1-48A5-8D49-7D01636CBBCB}
		{32DB4A96-02A9-4F56-8AFA-8CCAA95D25E7} = {24AF0D29-BAA1-48A5-8D49-7D01636CBBCB}
		{8509514C-C63B-4D7C-86BA-41AC8B8664FB} = {24AF0D29-BAA1-48A5-8D49-7D01636CBBCB}
		{9BDE188E-9EBC-4E88-9972-7D6641AF1A18} = {24AF0D29-BAA1-48A5-8D49-7D01636CBBCB}
		{43511262-B9F1-40B9-AE7E-519F3B00255A} = {24AF0D29-BAA1-48A5-8D49-7D01636CBBCB}
		{6FD71540-544A-4DC0-8A5A-AD149B220AF5} = {24AF0D29-BAA1-48A5-8D49-7D01636CBBCB}
		{D3C3B5AA-9E1B-4F46-9AC7-409ED303A0C4} = {24AF0D29-BAA1-48A5-8D49-7D01636CBBCB}
		{F4B551BF-29F9-4125-B087-C0AB38B7CA30} = {24AF0D29-BAA1-48A5-8D49-7D01636CBBCB}
		{F858BEF3-840C-4C13-A0FD-E77EF4E8B40B} = {24AF0D29-BAA1-48A5-8D49-7D01636CBBCB}
		{FC18BB7A-94DC-4B48-97CC-C00408D43F27} = {24AF0D29-BAA1-48A5-8D49-7D01636CBBCB}
		{D3452D82-21AD-48B4-ADB5-6EA7E42836C2} = {24AF0D29-BAA1-48A5-8D49-7D01636CBBCB}
		{E22F77D4-8BD1-4025-9E2C-1315684B36E3} = {24AF0D29-BAA1-48A5-8D49-7D01636CBBCB}
		{6DCE5BD0-3DFB-473E-B3EB-8D47166A00DC} = {24AF0D29-BAA1-48A5-8D49-7D01636CBBCB}
		{1D8916F0-66E8-4861-84CD-EDA9F2EB7D08} = {127A12D8-0E7B-49A3-8DD6-63B3CD502E58}
		{CD99D3FC-B3B8-4399-988B-2450D706047D} = {1D8916F0-66E8-4861-84CD-EDA9F2EB7D08}
		{4D2E7A98-9E34-403E-95AE-BD57BED36527} = {CD99D3FC-B3B8-4399-988B-2450D706047D}
		{3D6F65E5-6AE6-46CA-A2B4-8753D18D1D24} = {1C1BAC03-A86A-4EDE-BA93-FAB1A8EB7A84}
		{B7040B5E-4909-498C-B671-756F1B932420} = {3D6F65E5-6AE6-46CA-A2B4-8753D18D1D24}
		{F5377624-AEF8-4DD6-A48A-D17BCBC67347} = {127A12D8-0E7B-49A3-8DD6-63B3CD502E58}
		{FE53F9F2-02FC-4EE4-855F-111EBD86BDF3} = {F5377624-AEF8-4DD6-A48A-D17BCBC67347}
		{8BE2ECE4-79E5-44F4-BB8A-6C7D2F3BEC87} = {FE53F9F2-02FC-4EE4-855F-111EBD86BDF3}
		{AB1B510E-F954-4DA1-A762-918F147155B6} = {127A12D8-0E7B-49A3-8DD6-63B3CD502E58}
		{8AB1A3BD-9B0F-4A1D-AF14-CD5C1653EA43} = {AB1B510E-F954-4DA1-A762-918F147155B6}
		{7A4C787A-2654-4DDF-B7A8-E6DA56644848} = {8AB1A3BD-9B0F-4A1D-AF14-CD5C1653EA43}
		{E943AF68-2E6C-40ED-8E12-ECCADD4FC822} = {8AB1A3BD-9B0F-4A1D-AF14-CD5C1653EA43}
		{563E0B78-72F1-47A4-95F1-8544E4CC776D} = {8AB1A3BD-9B0F-4A1D-AF14-CD5C1653EA43}
		{4B3E2AFE-0D27-4DA8-BF78-71FDE8D4D096} = {F5377624-AEF8-4DD6-A48A-D17BCBC67347}
		{72953CB8-F9B2-4136-81EC-54728A9C0B9A} = {4B3E2AFE-0D27-4DA8-BF78-71FDE8D4D096}
		{71C3C96F-D4EF-451B-A724-32B49582C524} = {8AB1A3BD-9B0F-4A1D-AF14-CD5C1653EA43}
		{2ACDEF0E-0FEB-4DF5-BD71-897806FA9488} = {8AB1A3BD-9B0F-4A1D-AF14-CD5C1653EA43}
		{70C7AE1B-E5BB-4DD4-9D72-CDBDEBC186CC} = {8AB1A3BD-9B0F-4A1D-AF14-CD5C1653EA43}
	EndGlobalSection
EndGlobal
